
Microsoft Visual Studio Solution File, Format Version 12.00
# Visual Studio 15
VisualStudioVersion = 15.0.26124.0
MinimumVisualStudioVersion = 15.0.26124.0
Project("{2150E333-8FDC-42A3-9474-1A3956D46DE8}") = "src", "src", "{6164031B-0F08-448E-9828-9182C404A2EC}"
EndProject
Project("{FAE04EC0-301F-11D3-BF4B-00C04F79EFBC}") = "Hotel", "src\Hotel.App\Hotel.csproj", "{47E0EA7D-B352-4296-A7A8-D6D2AC8362B4}"
EndProject
Project("{2150E333-8FDC-42A3-9474-1A3956D46DE8}") = "test", "test", "{4222D527-1ED8-4D8E-BD27-9D3E7768CD43}"
EndProject
Project("{FAE04EC0-301F-11D3-BF4B-00C04F79EFBC}") = "Hotel.Tests", "test\Hotel.Tests\Hotel.Tests.csproj", "{C3C062DB-771B-4ABB-8DA4-7ACE838402AD}"
EndProject
Global
	GlobalSection(SolutionConfigurationPlatforms) = preSolution
		Debug|Any CPU = Debug|Any CPU
		Debug|x64 = Debug|x64
		Debug|x86 = Debug|x86
		Release|Any CPU = Release|Any CPU
		Release|x64 = Release|x64
		Release|x86 = Release|x86
	EndGlobalSection
	GlobalSection(SolutionProperties) = preSolution
		HideSolutionNode = FALSE
	EndGlobalSection
	GlobalSection(ProjectConfigurationPlatforms) = postSolution
		{47E0EA7D-B352-4296-A7A8-D6D2AC8362B4}.Debug|Any CPU.ActiveCfg = Debug|Any CPU
		{47E0EA7D-B352-4296-A7A8-D6D2AC8362B4}.Debug|Any CPU.Build.0 = Debug|Any CPU
		{47E0EA7D-B352-4296-A7A8-D6D2AC8362B4}.Debug|x64.ActiveCfg = Debug|Any CPU
		{47E0EA7D-B352-4296-A7A8-D6D2AC8362B4}.Debug|x64.Build.0 = Debug|Any CPU
		{47E0EA7D-B352-4296-A7A8-D6D2AC8362B4}.Debug|x86.ActiveCfg = Debug|Any CPU
		{47E0EA7D-B352-4296-A7A8-D6D2AC8362B4}.Debug|x86.Build.0 = Debug|Any CPU
		{47E0EA7D-B352-4296-A7A8-D6D2AC8362B4}.Release|Any CPU.ActiveCfg = Release|Any CPU
		{47E0EA7D-B352-4296-A7A8-D6D2AC8362B4}.Release|Any CPU.Build.0 = Release|Any CPU
		{47E0EA7D-B352-4296-A7A8-D6D2AC8362B4}.Release|x64.ActiveCfg = Release|Any CPU
		{47E0EA7D-B352-4296-A7A8-D6D2AC8362B4}.Release|x64.Build.0 = Release|Any CPU
		{47E0EA7D-B352-4296-A7A8-D6D2AC8362B4}.Release|x86.ActiveCfg = Release|Any CPU
		{47E0EA7D-B352-4296-A7A8-D6D2AC8362B4}.Release|x86.Build.0 = Release|Any CPU
		{C3C062DB-771B-4ABB-8DA4-7ACE838402AD}.Debug|Any CPU.ActiveCfg = Debug|Any CPU
		{C3C062DB-771B-4ABB-8DA4-7ACE838402AD}.Debug|Any CPU.Build.0 = Debug|Any CPU
		{C3C062DB-771B-4ABB-8DA4-7ACE838402AD}.Debug|x64.ActiveCfg = Debug|Any CPU
		{C3C062DB-771B-4ABB-8DA4-7ACE838402AD}.Debug|x64.Build.0 = Debug|Any CPU
		{C3C062DB-771B-4ABB-8DA4-7ACE838402AD}.Debug|x86.ActiveCfg = Debug|Any CPU
		{C3C062DB-771B-4ABB-8DA4-7ACE838402AD}.Debug|x86.Build.0 = Debug|Any CPU
		{C3C062DB-771B-4ABB-8DA4-7ACE838402AD}.Release|Any CPU.ActiveCfg = Release|Any CPU
		{C3C062DB-771B-4ABB-8DA4-7ACE838402AD}.Release|Any CPU.Build.0 = Release|Any CPU
		{C3C062DB-771B-4ABB-8DA4-7ACE838402AD}.Release|x64.ActiveCfg = Release|Any CPU
		{C3C062DB-771B-4ABB-8DA4-7ACE838402AD}.Release|x64.Build.0 = Release|Any CPU
		{C3C062DB-771B-4ABB-8DA4-7ACE838402AD}.Release|x86.ActiveCfg = Release|Any CPU
		{C3C062DB-771B-4ABB-8DA4-7ACE838402AD}.Release|x86.Build.0 = Release|Any CPU
	EndGlobalSection
	GlobalSection(NestedProjects) = preSolution
		{47E0EA7D-B352-4296-A7A8-D6D2AC8362B4} = {6164031B-0F08-448E-9828-9182C404A2EC}
		{C3C062DB-771B-4ABB-8DA4-7ACE838402AD} = {4222D527-1ED8-4D8E-BD27-9D3E7768CD43}
	EndGlobalSection
EndGlobal
